
Microsoft Visual Studio Solution File, Format Version 12.00
# Visual Studio Version 17
VisualStudioVersion = 17.14.36408.4 d17.14
MinimumVisualStudioVersion = 10.0.40219.1
Project("{FAE04EC0-301F-11D3-BF4B-00C04F79EFBC}") = "NotesRichTextGUI", "NotesRichTextGUI\NotesRichTextGUI.csproj", "{CC8B21BC-5EDE-4484-8224-E5FDFD8A0060}"
EndProject
Global
	GlobalSection(SolutionConfigurationPlatforms) = preSolution
		Debug|Any CPU = Debug|Any CPU
		Release|Any CPU = Release|Any CPU
	EndGlobalSection
	GlobalSection(ProjectConfigurationPlatforms) = postSolution
		{CC8B21BC-5EDE-4484-8224-E5FDFD8A0060}.Debug|Any CPU.ActiveCfg = Debug|Any CPU
		{CC8B21BC-5EDE-4484-8224-E5FDFD8A0060}.Debug|Any CPU.Build.0 = Debug|Any CPU
		{CC8B21BC-5EDE-4484-8224-E5FDFD8A0060}.Release|Any CPU.ActiveCfg = Release|Any CPU
		{CC8B21BC-5EDE-4484-8224-E5FDFD8A0060}.Release|Any CPU.Build.0 = Release|Any CPU
	EndGlobalSection
	GlobalSection(SolutionProperties) = preSolution
		HideSolutionNode = FALSE
	EndGlobalSection
	GlobalSection(ExtensibilityGlobals) = postSolution
		SolutionGuid = {ACA26F88-2D12-45D9-B03E-007765ACE1E7}
	EndGlobalSection
EndGlobal
